
Microsoft Visual Studio Solution File, Format Version 12.00
# Visual Studio Version 17
VisualStudioVersion = 17.1.32104.313
MinimumVisualStudioVersion = 10.0.40219.1
Project("{FAE04EC0-301F-11D3-BF4B-00C04F79EFBC}") = "Bookinist", "Bookinist\Bookinist.csproj", "{85BDC76B-C05D-4F04-AB6C-E62BBED99B23}"
EndProject
Global
	GlobalSection(SolutionConfigurationPlatforms) = preSolution
		Debug|Any CPU = Debug|Any CPU
		Release|Any CPU = Release|Any CPU
	EndGlobalSection
	GlobalSection(ProjectConfigurationPlatforms) = postSolution
		{85BDC76B-C05D-4F04-AB6C-E62BBED99B23}.Debug|Any CPU.ActiveCfg = Debug|Any CPU
		{85BDC76B-C05D-4F04-AB6C-E62BBED99B23}.Debug|Any CPU.Build.0 = Debug|Any CPU
		{85BDC76B-C05D-4F04-AB6C-E62BBED99B23}.Release|Any CPU.ActiveCfg = Release|Any CPU
		{85BDC76B-C05D-4F04-AB6C-E62BBED99B23}.Release|Any CPU.Build.0 = Release|Any CPU
	EndGlobalSection
	GlobalSection(SolutionProperties) = preSolution
		HideSolutionNode = FALSE
	EndGlobalSection
	GlobalSection(ExtensibilityGlobals) = postSolution
		SolutionGuid = {F825E9FF-3AEB-458F-8134-E182CACAE570}
	EndGlobalSection
EndGlobal
