
Microsoft Visual Studio Solution File, Format Version 12.00
# Visual Studio Version 17
VisualStudioVersion = 17.1.31911.260
MinimumVisualStudioVersion = 10.0.40219.1
Project("{FAE04EC0-301F-11D3-BF4B-00C04F79EFBC}") = "FileEncryptor.WPF", "FileEncryptor.WPF\FileEncryptor.WPF.csproj", "{A4DDCAC6-7A08-4E06-9B0B-F135C4AADECE}"
EndProject
Global
	GlobalSection(SolutionConfigurationPlatforms) = preSolution
		Debug|Any CPU = Debug|Any CPU
		Release|Any CPU = Release|Any CPU
	EndGlobalSection
	GlobalSection(ProjectConfigurationPlatforms) = postSolution
		{A4DDCAC6-7A08-4E06-9B0B-F135C4AADECE}.Debug|Any CPU.ActiveCfg = Debug|Any CPU
		{A4DDCAC6-7A08-4E06-9B0B-F135C4AADECE}.Debug|Any CPU.Build.0 = Debug|Any CPU
		{A4DDCAC6-7A08-4E06-9B0B-F135C4AADECE}.Release|Any CPU.ActiveCfg = Release|Any CPU
		{A4DDCAC6-7A08-4E06-9B0B-F135C4AADECE}.Release|Any CPU.Build.0 = Release|Any CPU
	EndGlobalSection
	GlobalSection(SolutionProperties) = preSolution
		HideSolutionNode = FALSE
	EndGlobalSection
	GlobalSection(ExtensibilityGlobals) = postSolution
		SolutionGuid = {61499F2B-A999-435A-A3FC-96B877290E40}
	EndGlobalSection
EndGlobal
